
Microsoft Visual Studio Solution File, Format Version 12.00
# Visual Studio Version 17
VisualStudioVersion = 17.0.31903.59
MinimumVisualStudioVersion = 10.0.40219.1
Project("{FAE04EC0-301F-11D3-BF4B-00C04F79EFBC}") = "HW #21 Read and Write Files", "..\..\..\git-code-dir\C# Projects\HW #21 Read and Write Files\HW #21 Read and Write Files.csproj", "{D64C3DAD-B36E-410B-A1FA-81565AD9F763}"
EndProject
Global
	GlobalSection(SolutionConfigurationPlatforms) = preSolution
		Debug|Any CPU = Debug|Any CPU
		Release|Any CPU = Release|Any CPU
	EndGlobalSection
	GlobalSection(SolutionProperties) = preSolution
		HideSolutionNode = FALSE
	EndGlobalSection
	GlobalSection(ProjectConfigurationPlatforms) = postSolution
		{D64C3DAD-B36E-410B-A1FA-81565AD9F763}.Debug|Any CPU.ActiveCfg = Debug|Any CPU
		{D64C3DAD-B36E-410B-A1FA-81565AD9F763}.Debug|Any CPU.Build.0 = Debug|Any CPU
		{D64C3DAD-B36E-410B-A1FA-81565AD9F763}.Release|Any CPU.ActiveCfg = Release|Any CPU
		{D64C3DAD-B36E-410B-A1FA-81565AD9F763}.Release|Any CPU.Build.0 = Release|Any CPU
	EndGlobalSection
EndGlobal
